
Microsoft Visual Studio Solution File, Format Version 12.00
Project("{FAE04EC0-301F-11D3-BF4B-00C04F79EFBC}") = "GardenTracker.ConsoleApp", "GardenTracker.ConsoleApp\GardenTracker.ConsoleApp.csproj", "{6E4BBB6A-33D0-4BFC-A53C-642501ED3CBF}"
EndProject
Project("{FAE04EC0-301F-11D3-BF4B-00C04F79EFBC}") = "GardenTracker.App", "GardenTracker.App\GardenTracker.App.csproj", "{40D75FF9-7B3D-4DF4-9823-2346D4B36526}"
EndProject
Project("{FAE04EC0-301F-11D3-BF4B-00C04F79EFBC}") = "GardenTracker.Models", "GardenTracker.Models\GardenTracker.Models.csproj", "{5D9DF8C7-FF9E-4AED-AD3A-1EC08E87615F}"
EndProject
Global
	GlobalSection(SolutionConfigurationPlatforms) = preSolution
		Debug|Any CPU = Debug|Any CPU
		Release|Any CPU = Release|Any CPU
	EndGlobalSection
	GlobalSection(ProjectConfigurationPlatforms) = postSolution
		{6E4BBB6A-33D0-4BFC-A53C-642501ED3CBF}.Debug|Any CPU.ActiveCfg = Debug|Any CPU
		{6E4BBB6A-33D0-4BFC-A53C-642501ED3CBF}.Debug|Any CPU.Build.0 = Debug|Any CPU
		{6E4BBB6A-33D0-4BFC-A53C-642501ED3CBF}.Release|Any CPU.ActiveCfg = Release|Any CPU
		{6E4BBB6A-33D0-4BFC-A53C-642501ED3CBF}.Release|Any CPU.Build.0 = Release|Any CPU
		{40D75FF9-7B3D-4DF4-9823-2346D4B36526}.Debug|Any CPU.ActiveCfg = Debug|Any CPU
		{40D75FF9-7B3D-4DF4-9823-2346D4B36526}.Debug|Any CPU.Build.0 = Debug|Any CPU
		{40D75FF9-7B3D-4DF4-9823-2346D4B36526}.Release|Any CPU.ActiveCfg = Release|Any CPU
		{40D75FF9-7B3D-4DF4-9823-2346D4B36526}.Release|Any CPU.Build.0 = Release|Any CPU
		{5D9DF8C7-FF9E-4AED-AD3A-1EC08E87615F}.Debug|Any CPU.ActiveCfg = Debug|Any CPU
		{5D9DF8C7-FF9E-4AED-AD3A-1EC08E87615F}.Debug|Any CPU.Build.0 = Debug|Any CPU
		{5D9DF8C7-FF9E-4AED-AD3A-1EC08E87615F}.Release|Any CPU.ActiveCfg = Release|Any CPU
		{5D9DF8C7-FF9E-4AED-AD3A-1EC08E87615F}.Release|Any CPU.Build.0 = Release|Any CPU
	EndGlobalSection
EndGlobal
